
Microsoft Visual Studio Solution File, Format Version 12.00
# Visual Studio Version 17
VisualStudioVersion = 17.3.32922.545
MinimumVisualStudioVersion = 10.0.40219.1
Project("{FAE04EC0-301F-11D3-BF4B-00C04F79EFBC}") = "Bài 3_Website Big School", "Bài 3_Website Big School\Bài 3_Website Big School.csproj", "{AF7736B7-BAD1-4F5C-B624-096A3B313774}"
EndProject
Global
	GlobalSection(SolutionConfigurationPlatforms) = preSolution
		Debug|Any CPU = Debug|Any CPU
		Release|Any CPU = Release|Any CPU
	EndGlobalSection
	GlobalSection(ProjectConfigurationPlatforms) = postSolution
		{AF7736B7-BAD1-4F5C-B624-096A3B313774}.Debug|Any CPU.ActiveCfg = Debug|Any CPU
		{AF7736B7-BAD1-4F5C-B624-096A3B313774}.Debug|Any CPU.Build.0 = Debug|Any CPU
		{AF7736B7-BAD1-4F5C-B624-096A3B313774}.Release|Any CPU.ActiveCfg = Release|Any CPU
		{AF7736B7-BAD1-4F5C-B624-096A3B313774}.Release|Any CPU.Build.0 = Release|Any CPU
	EndGlobalSection
	GlobalSection(SolutionProperties) = preSolution
		HideSolutionNode = FALSE
	EndGlobalSection
	GlobalSection(ExtensibilityGlobals) = postSolution
		SolutionGuid = {CC35F068-CFA1-4D6F-9FF9-7AE6DCA2C34C}
	EndGlobalSection
EndGlobal
